// !$*UTF8*$!
{
	archiveVersion = 1;
	classes = {
	};
	objectVersion = 46;
	objects = {

/* Begin PBXBuildFile section */
		9A24EA821D7E48D800ED4822 /* NJSEndpoint.m in Sources */ = {isa = PBXBuildFile; fileRef = 9A24EA5E1D7E48D800ED4822 /* NJSEndpoint.m */; };
		9A24EA831D7E48D800ED4822 /* NJSAPIManager.m in Sources */ = {isa = PBXBuildFile; fileRef = 9A24EA611D7E48D800ED4822 /* NJSAPIManager.m */; };
		9A24EA841D7E48D800ED4822 /* NJSJSONResponseSerializerWithData.m in Sources */ = {isa = PBXBuildFile; fileRef = 9A24EA641D7E48D800ED4822 /* NJSJSONResponseSerializerWithData.m */; };
		9A24EA881D7E48D800ED4822 /* NJSLogFormatter.m in Sources */ = {isa = PBXBuildFile; fileRef = 9A24EA721D7E48D800ED4822 /* NJSLogFormatter.m */; };
		9A24EA891D7E48D800ED4822 /* NJSCocoaLumberjack.m in Sources */ = {isa = PBXBuildFile; fileRef = 9A24EA741D7E48D800ED4822 /* NJSCocoaLumberjack.m */; };
		9A24EA8A1D7E48D800ED4822 /* NJSVersionManager.m in Sources */ = {isa = PBXBuildFile; fileRef = 9A24EA781D7E48D800ED4822 /* NJSVersionManager.m */; };
		9A24EA911D7E4C0D00ED4822 /* Launch Screen.storyboard in Resources */ = {isa = PBXBuildFile; fileRef = 9A24EA901D7E4C0D00ED4822 /* Launch Screen.storyboard */; };
		9A24EA931D7E4C1B00ED4822 /* Main.storyboard in Resources */ = {isa = PBXBuildFile; fileRef = 9A24EA921D7E4C1B00ED4822 /* Main.storyboard */; };
		9A24EA961D7E52E600ED4822 /* NJSEndpoint+MNCLMovies.m in Sources */ = {isa = PBXBuildFile; fileRef = 9A24EA951D7E52E600ED4822 /* NJSEndpoint+MNCLMovies.m */; };
		9A24EA9A1D7E593500ED4822 /* NJSAPIToken.m in Sources */ = {isa = PBXBuildFile; fileRef = 9A24EA991D7E593500ED4822 /* NJSAPIToken.m */; };
		9A24EA9E1D7E5A5100ED4822 /* NJSAPIToken+MNCLAPIToken.m in Sources */ = {isa = PBXBuildFile; fileRef = 9A24EA9D1D7E5A5100ED4822 /* NJSAPIToken+MNCLAPIToken.m */; };
		9A24EAA21D7E63D800ED4822 /* MNCLMovieRequester.m in Sources */ = {isa = PBXBuildFile; fileRef = 9A24EAA11D7E63D800ED4822 /* MNCLMovieRequester.m */; };
		9A24EAA61D7E82D600ED4822 /* MNCLMoviesArrayMantle.m in Sources */ = {isa = PBXBuildFile; fileRef = 9A24EAA51D7E82D600ED4822 /* MNCLMoviesArrayMantle.m */; };
		9A24EAAA1D7E82F000ED4822 /* MNCLMovieItemMantle.m in Sources */ = {isa = PBXBuildFile; fileRef = 9A24EAA91D7E82F000ED4822 /* MNCLMovieItemMantle.m */; };
		9A24EAB01D7E927D00ED4822 /* MNCLMovieModel.m in Sources */ = {isa = PBXBuildFile; fileRef = 9A24EAAF1D7E927D00ED4822 /* MNCLMovieModel.m */; };
		9A24EAB51D7E9CD000ED4822 /* MNCLMoviesTableController.m in Sources */ = {isa = PBXBuildFile; fileRef = 9A24EAB41D7E9CD000ED4822 /* MNCLMoviesTableController.m */; };
		9A3A40E21D7F1D5D0034CD66 /* NSDictionary+JSON.m in Sources */ = {isa = PBXBuildFile; fileRef = 9A3A40E11D7F1D5D0034CD66 /* NSDictionary+JSON.m */; };
		9A3A40E61D7F24C70034CD66 /* NSString+JSON.m in Sources */ = {isa = PBXBuildFile; fileRef = 9A3A40E51D7F24C70034CD66 /* NSString+JSON.m */; };
		9A3A40E91D7F36920034CD66 /* MNCLMovieCell.m in Sources */ = {isa = PBXBuildFile; fileRef = 9A3A40E81D7F36920034CD66 /* MNCLMovieCell.m */; };
		9A3A40ED1D7F36B40034CD66 /* MNCLMovieCellLoader.m in Sources */ = {isa = PBXBuildFile; fileRef = 9A3A40EC1D7F36B40034CD66 /* MNCLMovieCellLoader.m */; };
		AC7E8304D9ECF44257F80BAA /* libPods-Magnet Movies.a in Frameworks */ = {isa = PBXBuildFile; fileRef = 2BA3A641987AA0E92E021EAE /* libPods-Magnet Movies.a */; };
		F4D1F4361D7DCCD1007A4C29 /* main.m in Sources */ = {isa = PBXBuildFile; fileRef = F4D1F4351D7DCCD1007A4C29 /* main.m */; };
		F4D1F4391D7DCCD1007A4C29 /* MNCLAppDelegate.m in Sources */ = {isa = PBXBuildFile; fileRef = F4D1F4381D7DCCD1007A4C29 /* MNCLAppDelegate.m */; };
		F4D1F4411D7DCCD1007A4C29 /* Assets.xcassets in Resources */ = {isa = PBXBuildFile; fileRef = F4D1F4401D7DCCD1007A4C29 /* Assets.xcassets */; };
/* End PBXBuildFile section */

/* Begin PBXFileReference section */
		00F647E23023B7E03ABB0C5F /* Pods-Magnet Movies.debug.xcconfig */ = {isa = PBXFileReference; includeInIndex = 1; lastKnownFileType = text.xcconfig; name = "Pods-Magnet Movies.debug.xcconfig"; path = "Pods/Target Support Files/Pods-Magnet Movies/Pods-Magnet Movies.debug.xcconfig"; sourceTree = "<group>"; };
		2BA3A641987AA0E92E021EAE /* libPods-Magnet Movies.a */ = {isa = PBXFileReference; explicitFileType = archive.ar; includeInIndex = 0; path = "libPods-Magnet Movies.a"; sourceTree = BUILT_PRODUCTS_DIR; };
		854B40D5B7845B80CFB738E6 /* Pods-Magnet Movies.release.xcconfig */ = {isa = PBXFileReference; includeInIndex = 1; lastKnownFileType = text.xcconfig; name = "Pods-Magnet Movies.release.xcconfig"; path = "Pods/Target Support Files/Pods-Magnet Movies/Pods-Magnet Movies.release.xcconfig"; sourceTree = "<group>"; };
		9A24EA5D1D7E48D800ED4822 /* NJSEndpoint.h */ = {isa = PBXFileReference; fileEncoding = 4; lastKnownFileType = sourcecode.c.h; path = NJSEndpoint.h; sourceTree = "<group>"; };
		9A24EA5E1D7E48D800ED4822 /* NJSEndpoint.m */ = {isa = PBXFileReference; fileEncoding = 4; lastKnownFileType = sourcecode.c.objc; path = NJSEndpoint.m; sourceTree = "<group>"; };
		9A24EA601D7E48D800ED4822 /* NJSAPIManager.h */ = {isa = PBXFileReference; fileEncoding = 4; lastKnownFileType = sourcecode.c.h; path = NJSAPIManager.h; sourceTree = "<group>"; };
		9A24EA611D7E48D800ED4822 /* NJSAPIManager.m */ = {isa = PBXFileReference; fileEncoding = 4; lastKnownFileType = sourcecode.c.objc; path = NJSAPIManager.m; sourceTree = "<group>"; };
		9A24EA631D7E48D800ED4822 /* NJSJSONResponseSerializerWithData.h */ = {isa = PBXFileReference; fileEncoding = 4; lastKnownFileType = sourcecode.c.h; path = NJSJSONResponseSerializerWithData.h; sourceTree = "<group>"; };
		9A24EA641D7E48D800ED4822 /* NJSJSONResponseSerializerWithData.m */ = {isa = PBXFileReference; fileEncoding = 4; lastKnownFileType = sourcecode.c.objc; path = NJSJSONResponseSerializerWithData.m; sourceTree = "<group>"; };
		9A24EA711D7E48D800ED4822 /* NJSLogFormatter.h */ = {isa = PBXFileReference; fileEncoding = 4; lastKnownFileType = sourcecode.c.h; path = NJSLogFormatter.h; sourceTree = "<group>"; };
		9A24EA721D7E48D800ED4822 /* NJSLogFormatter.m */ = {isa = PBXFileReference; fileEncoding = 4; lastKnownFileType = sourcecode.c.objc; path = NJSLogFormatter.m; sourceTree = "<group>"; };
		9A24EA731D7E48D800ED4822 /* NJSCocoaLumberjack.h */ = {isa = PBXFileReference; fileEncoding = 4; lastKnownFileType = sourcecode.c.h; path = NJSCocoaLumberjack.h; sourceTree = "<group>"; };
		9A24EA741D7E48D800ED4822 /* NJSCocoaLumberjack.m */ = {isa = PBXFileReference; fileEncoding = 4; lastKnownFileType = sourcecode.c.objc; path = NJSCocoaLumberjack.m; sourceTree = "<group>"; };
		9A24EA751D7E48D800ED4822 /* NJSLogger.h */ = {isa = PBXFileReference; fileEncoding = 4; lastKnownFileType = sourcecode.c.h; path = NJSLogger.h; sourceTree = "<group>"; };
		9A24EA771D7E48D800ED4822 /* NJSVersionManager.h */ = {isa = PBXFileReference; fileEncoding = 4; lastKnownFileType = sourcecode.c.h; path = NJSVersionManager.h; sourceTree = "<group>"; };
		9A24EA781D7E48D800ED4822 /* NJSVersionManager.m */ = {isa = PBXFileReference; fileEncoding = 4; lastKnownFileType = sourcecode.c.objc; path = NJSVersionManager.m; sourceTree = "<group>"; };
		9A24EA901D7E4C0D00ED4822 /* Launch Screen.storyboard */ = {isa = PBXFileReference; fileEncoding = 4; lastKnownFileType = file.storyboard; path = "Launch Screen.storyboard"; sourceTree = "<group>"; };
		9A24EA921D7E4C1B00ED4822 /* Main.storyboard */ = {isa = PBXFileReference; fileEncoding = 4; lastKnownFileType = file.storyboard; path = Main.storyboard; sourceTree = "<group>"; };
		9A24EA941D7E52E600ED4822 /* NJSEndpoint+MNCLMovies.h */ = {isa = PBXFileReference; fileEncoding = 4; lastKnownFileType = sourcecode.c.h; path = "NJSEndpoint+MNCLMovies.h"; sourceTree = "<group>"; };
		9A24EA951D7E52E600ED4822 /* NJSEndpoint+MNCLMovies.m */ = {isa = PBXFileReference; fileEncoding = 4; lastKnownFileType = sourcecode.c.objc; path = "NJSEndpoint+MNCLMovies.m"; sourceTree = "<group>"; };
		9A24EA981D7E593500ED4822 /* NJSAPIToken.h */ = {isa = PBXFileReference; fileEncoding = 4; lastKnownFileType = sourcecode.c.h; name = NJSAPIToken.h; path = Endpoint/NJSAPIToken.h; sourceTree = "<group>"; };
		9A24EA991D7E593500ED4822 /* NJSAPIToken.m */ = {isa = PBXFileReference; fileEncoding = 4; lastKnownFileType = sourcecode.c.objc; name = NJSAPIToken.m; path = Endpoint/NJSAPIToken.m; sourceTree = "<group>"; };
		9A24EA9C1D7E5A5100ED4822 /* NJSAPIToken+MNCLAPIToken.h */ = {isa = PBXFileReference; fileEncoding = 4; lastKnownFileType = sourcecode.c.h; path = "NJSAPIToken+MNCLAPIToken.h"; sourceTree = "<group>"; };
		9A24EA9D1D7E5A5100ED4822 /* NJSAPIToken+MNCLAPIToken.m */ = {isa = PBXFileReference; fileEncoding = 4; lastKnownFileType = sourcecode.c.objc; path = "NJSAPIToken+MNCLAPIToken.m"; sourceTree = "<group>"; };
		9A24EAA01D7E63D800ED4822 /* MNCLMovieRequester.h */ = {isa = PBXFileReference; fileEncoding = 4; lastKnownFileType = sourcecode.c.h; path = MNCLMovieRequester.h; sourceTree = "<group>"; };
		9A24EAA11D7E63D800ED4822 /* MNCLMovieRequester.m */ = {isa = PBXFileReference; fileEncoding = 4; lastKnownFileType = sourcecode.c.objc; path = MNCLMovieRequester.m; sourceTree = "<group>"; };
		9A24EAA41D7E82D600ED4822 /* MNCLMoviesArrayMantle.h */ = {isa = PBXFileReference; fileEncoding = 4; lastKnownFileType = sourcecode.c.h; path = MNCLMoviesArrayMantle.h; sourceTree = "<group>"; };
		9A24EAA51D7E82D600ED4822 /* MNCLMoviesArrayMantle.m */ = {isa = PBXFileReference; fileEncoding = 4; lastKnownFileType = sourcecode.c.objc; path = MNCLMoviesArrayMantle.m; sourceTree = "<group>"; };
		9A24EAA81D7E82F000ED4822 /* MNCLMovieItemMantle.h */ = {isa = PBXFileReference; fileEncoding = 4; lastKnownFileType = sourcecode.c.h; path = MNCLMovieItemMantle.h; sourceTree = "<group>"; };
		9A24EAA91D7E82F000ED4822 /* MNCLMovieItemMantle.m */ = {isa = PBXFileReference; fileEncoding = 4; lastKnownFileType = sourcecode.c.objc; path = MNCLMovieItemMantle.m; sourceTree = "<group>"; };
		9A24EAAD1D7E83D100ED4822 /* NJSArrayMantleProtocol.h */ = {isa = PBXFileReference; fileEncoding = 4; lastKnownFileType = sourcecode.c.h; path = NJSArrayMantleProtocol.h; sourceTree = "<group>"; };
		9A24EAAE1D7E927D00ED4822 /* MNCLMovieModel.h */ = {isa = PBXFileReference; fileEncoding = 4; lastKnownFileType = sourcecode.c.h; path = MNCLMovieModel.h; sourceTree = "<group>"; };
		9A24EAAF1D7E927D00ED4822 /* MNCLMovieModel.m */ = {isa = PBXFileReference; fileEncoding = 4; lastKnownFileType = sourcecode.c.objc; path = MNCLMovieModel.m; sourceTree = "<group>"; };
		9A24EAB21D7E97D200ED4822 /* NJSRequesterProtocol.h */ = {isa = PBXFileReference; fileEncoding = 4; lastKnownFileType = sourcecode.c.h; path = NJSRequesterProtocol.h; sourceTree = "<group>"; };
		9A24EAB31D7E9CD000ED4822 /* MNCLMoviesTableController.h */ = {isa = PBXFileReference; fileEncoding = 4; lastKnownFileType = sourcecode.c.h; path = MNCLMoviesTableController.h; sourceTree = "<group>"; };
		9A24EAB41D7E9CD000ED4822 /* MNCLMoviesTableController.m */ = {isa = PBXFileReference; fileEncoding = 4; lastKnownFileType = sourcecode.c.objc; path = MNCLMoviesTableController.m; sourceTree = "<group>"; };
		9A3A40E01D7F1D5D0034CD66 /* NSDictionary+JSON.h */ = {isa = PBXFileReference; fileEncoding = 4; lastKnownFileType = sourcecode.c.h; path = "NSDictionary+JSON.h"; sourceTree = "<group>"; };
		9A3A40E11D7F1D5D0034CD66 /* NSDictionary+JSON.m */ = {isa = PBXFileReference; fileEncoding = 4; lastKnownFileType = sourcecode.c.objc; path = "NSDictionary+JSON.m"; sourceTree = "<group>"; };
		9A3A40E41D7F24C70034CD66 /* NSString+JSON.h */ = {isa = PBXFileReference; fileEncoding = 4; lastKnownFileType = sourcecode.c.h; path = "NSString+JSON.h"; sourceTree = "<group>"; };
		9A3A40E51D7F24C70034CD66 /* NSString+JSON.m */ = {isa = PBXFileReference; fileEncoding = 4; lastKnownFileType = sourcecode.c.objc; path = "NSString+JSON.m"; sourceTree = "<group>"; };
		9A3A40E71D7F36920034CD66 /* MNCLMovieCell.h */ = {isa = PBXFileReference; fileEncoding = 4; lastKnownFileType = sourcecode.c.h; path = MNCLMovieCell.h; sourceTree = "<group>"; };
		9A3A40E81D7F36920034CD66 /* MNCLMovieCell.m */ = {isa = PBXFileReference; fileEncoding = 4; lastKnownFileType = sourcecode.c.objc; path = MNCLMovieCell.m; sourceTree = "<group>"; };
		9A3A40EB1D7F36B40034CD66 /* MNCLMovieCellLoader.h */ = {isa = PBXFileReference; fileEncoding = 4; lastKnownFileType = sourcecode.c.h; path = MNCLMovieCellLoader.h; sourceTree = "<group>"; };
		9A3A40EC1D7F36B40034CD66 /* MNCLMovieCellLoader.m */ = {isa = PBXFileReference; fileEncoding = 4; lastKnownFileType = sourcecode.c.objc; path = MNCLMovieCellLoader.m; sourceTree = "<group>"; };
		9A3A40EF1D7F39040034CD66 /* NJSTableViewCellProtocol.h */ = {isa = PBXFileReference; fileEncoding = 4; lastKnownFileType = sourcecode.c.h; path = NJSTableViewCellProtocol.h; sourceTree = "<group>"; };
		F4D1F4311D7DCCD1007A4C29 /* Magnet Movies.app */ = {isa = PBXFileReference; explicitFileType = wrapper.application; includeInIndex = 0; path = "Magnet Movies.app"; sourceTree = BUILT_PRODUCTS_DIR; };
		F4D1F4351D7DCCD1007A4C29 /* main.m */ = {isa = PBXFileReference; lastKnownFileType = sourcecode.c.objc; path = main.m; sourceTree = "<group>"; };
		F4D1F4371D7DCCD1007A4C29 /* MNCLAppDelegate.h */ = {isa = PBXFileReference; lastKnownFileType = sourcecode.c.h; path = MNCLAppDelegate.h; sourceTree = "<group>"; };
		F4D1F4381D7DCCD1007A4C29 /* MNCLAppDelegate.m */ = {isa = PBXFileReference; lastKnownFileType = sourcecode.c.objc; path = MNCLAppDelegate.m; sourceTree = "<group>"; };
		F4D1F4401D7DCCD1007A4C29 /* Assets.xcassets */ = {isa = PBXFileReference; lastKnownFileType = folder.assetcatalog; path = Assets.xcassets; sourceTree = "<group>"; };
		F4D1F4451D7DCCD1007A4C29 /* Info.plist */ = {isa = PBXFileReference; lastKnownFileType = text.plist.xml; path = Info.plist; sourceTree = "<group>"; };
/* End PBXFileReference section */

/* Begin PBXFrameworksBuildPhase section */
		F4D1F42E1D7DCCD1007A4C29 /* Frameworks */ = {
			isa = PBXFrameworksBuildPhase;
			buildActionMask = 2147483647;
			files = (
				AC7E8304D9ECF44257F80BAA /* libPods-Magnet Movies.a in Frameworks */,
			);
			runOnlyForDeploymentPostprocessing = 0;
		};
/* End PBXFrameworksBuildPhase section */

/* Begin PBXGroup section */
		00EC521D28C6431CD17B56A3 /* Pods */ = {
			isa = PBXGroup;
			children = (
				00F647E23023B7E03ABB0C5F /* Pods-Magnet Movies.debug.xcconfig */,
				854B40D5B7845B80CFB738E6 /* Pods-Magnet Movies.release.xcconfig */,
			);
			name = Pods;
			sourceTree = "<group>";
		};
		9A24EA581D7E482100ED4822 /* App Delegate */ = {
			isa = PBXGroup;
			children = (
				F4D1F4371D7DCCD1007A4C29 /* MNCLAppDelegate.h */,
				F4D1F4381D7DCCD1007A4C29 /* MNCLAppDelegate.m */,
			);
			name = "App Delegate";
			sourceTree = "<group>";
		};
		9A24EA591D7E48D800ED4822 /* API */ = {
			isa = PBXGroup;
			children = (
				9A24EA5B1D7E48D800ED4822 /* Core */,
				9A24EA651D7E48D800ED4822 /* Endpoints */,
				9A24EA661D7E48D800ED4822 /* Mantle */,
				9A24EA671D7E48D800ED4822 /* Requesters */,
			);
			path = API;
			sourceTree = "<group>";
		};
		9A24EA5B1D7E48D800ED4822 /* Core */ = {
			isa = PBXGroup;
			children = (
				9A24EAAC1D7E83A400ED4822 /* Headers */,
				9A24EA5C1D7E48D800ED4822 /* Endpoint */,
				9A24EA5F1D7E48D800ED4822 /* Manager */,
				9A24EA621D7E48D800ED4822 /* Response Serializer */,
			);
			path = Core;
			sourceTree = "<group>";
		};
		9A24EA5C1D7E48D800ED4822 /* Endpoint */ = {
			isa = PBXGroup;
			children = (
				9A24EA9B1D7E593900ED4822 /* API Token */,
				9A24EA5D1D7E48D800ED4822 /* NJSEndpoint.h */,
				9A24EA5E1D7E48D800ED4822 /* NJSEndpoint.m */,
			);
			path = Endpoint;
			sourceTree = "<group>";
		};
		9A24EA5F1D7E48D800ED4822 /* Manager */ = {
			isa = PBXGroup;
			children = (
				9A24EA601D7E48D800ED4822 /* NJSAPIManager.h */,
				9A24EA611D7E48D800ED4822 /* NJSAPIManager.m */,
			);
			path = Manager;
			sourceTree = "<group>";
		};
		9A24EA621D7E48D800ED4822 /* Response Serializer */ = {
			isa = PBXGroup;
			children = (
				9A24EA631D7E48D800ED4822 /* NJSJSONResponseSerializerWithData.h */,
				9A24EA641D7E48D800ED4822 /* NJSJSONResponseSerializerWithData.m */,
			);
			path = "Response Serializer";
			sourceTree = "<group>";
		};
		9A24EA651D7E48D800ED4822 /* Endpoints */ = {
			isa = PBXGroup;
			children = (
				9A24EA9F1D7E5A5400ED4822 /* API Token */,
				9A24EA971D7E58E800ED4822 /* Movies */,
			);
			path = Endpoints;
			sourceTree = "<group>";
		};
		9A24EA661D7E48D800ED4822 /* Mantle */ = {
			isa = PBXGroup;
			children = (
				9A24EAA71D7E82D900ED4822 /* Movies */,
			);
			path = Mantle;
			sourceTree = "<group>";
		};
		9A24EA671D7E48D800ED4822 /* Requesters */ = {
			isa = PBXGroup;
			children = (
				9A24EAA31D7E63DE00ED4822 /* Movie */,
			);
			path = Requesters;
			sourceTree = "<group>";
		};
		9A24EA681D7E48D800ED4822 /* Categories */ = {
			isa = PBXGroup;
			children = (
				9A3A40E31D7F24C70034CD66 /* NSString+JSON */,
				9A3A40DF1D7F1D5D0034CD66 /* NSDictionary+JSON */,
			);
			path = Categories;
			sourceTree = "<group>";
		};
		9A24EA6A1D7E48D800ED4822 /* Controllers */ = {
			isa = PBXGroup;
			children = (
				9A24EAB61D7E9CD300ED4822 /* Movies */,
			);
			path = Controllers;
			sourceTree = "<group>";
		};
		9A24EA6C1D7E48D800ED4822 /* Helpers */ = {
			isa = PBXGroup;
			children = (
				9A24EA6E1D7E48D800ED4822 /* Logger */,
				9A24EA761D7E48D800ED4822 /* VersionManager */,
			);
			path = Helpers;
			sourceTree = "<group>";
		};
		9A24EA6E1D7E48D800ED4822 /* Logger */ = {
			isa = PBXGroup;
			children = (
				9A24EA6F1D7E48D800ED4822 /* CocoaLumberjack */,
				9A24EA751D7E48D800ED4822 /* NJSLogger.h */,
			);
			path = Logger;
			sourceTree = "<group>";
		};
		9A24EA6F1D7E48D800ED4822 /* CocoaLumberjack */ = {
			isa = PBXGroup;
			children = (
				9A24EA701D7E48D800ED4822 /* Formatter */,
				9A24EA731D7E48D800ED4822 /* NJSCocoaLumberjack.h */,
				9A24EA741D7E48D800ED4822 /* NJSCocoaLumberjack.m */,
			);
			path = CocoaLumberjack;
			sourceTree = "<group>";
		};
		9A24EA701D7E48D800ED4822 /* Formatter */ = {
			isa = PBXGroup;
			children = (
				9A24EA711D7E48D800ED4822 /* NJSLogFormatter.h */,
				9A24EA721D7E48D800ED4822 /* NJSLogFormatter.m */,
			);
			path = Formatter;
			sourceTree = "<group>";
		};
		9A24EA761D7E48D800ED4822 /* VersionManager */ = {
			isa = PBXGroup;
			children = (
				9A24EA771D7E48D800ED4822 /* NJSVersionManager.h */,
				9A24EA781D7E48D800ED4822 /* NJSVersionManager.m */,
			);
			path = VersionManager;
			sourceTree = "<group>";
		};
		9A24EA791D7E48D800ED4822 /* Models */ = {
			isa = PBXGroup;
			children = (
				9A24EAB11D7E928800ED4822 /* Movies */,
			);
			path = Models;
			sourceTree = "<group>";
		};
		9A24EA7D1D7E48D800ED4822 /* Storboards */ = {
			isa = PBXGroup;
			children = (
				9A24EA901D7E4C0D00ED4822 /* Launch Screen.storyboard */,
				9A24EA921D7E4C1B00ED4822 /* Main.storyboard */,
			);
			path = Storboards;
			sourceTree = "<group>";
		};
		9A24EA7F1D7E48D800ED4822 /* Views */ = {
			isa = PBXGroup;
			children = (
				9A3A40EF1D7F39040034CD66 /* NJSTableViewCellProtocol.h */,
				9A3A40EA1D7F36960034CD66 /* Movie Cell */,
			);
			path = Views;
			sourceTree = "<group>";
		};
		9A24EA971D7E58E800ED4822 /* Movies */ = {
			isa = PBXGroup;
			children = (
				9A24EA941D7E52E600ED4822 /* NJSEndpoint+MNCLMovies.h */,
				9A24EA951D7E52E600ED4822 /* NJSEndpoint+MNCLMovies.m */,
			);
			name = Movies;
			sourceTree = "<group>";
		};
		9A24EA9B1D7E593900ED4822 /* API Token */ = {
			isa = PBXGroup;
			children = (
				9A24EA981D7E593500ED4822 /* NJSAPIToken.h */,
				9A24EA991D7E593500ED4822 /* NJSAPIToken.m */,
			);
			name = "API Token";
			path = ..;
			sourceTree = "<group>";
		};
		9A24EA9F1D7E5A5400ED4822 /* API Token */ = {
			isa = PBXGroup;
			children = (
				9A24EA9C1D7E5A5100ED4822 /* NJSAPIToken+MNCLAPIToken.h */,
				9A24EA9D1D7E5A5100ED4822 /* NJSAPIToken+MNCLAPIToken.m */,
			);
			name = "API Token";
			sourceTree = "<group>";
		};
		9A24EAA31D7E63DE00ED4822 /* Movie */ = {
			isa = PBXGroup;
			children = (
				9A24EAA01D7E63D800ED4822 /* MNCLMovieRequester.h */,
				9A24EAA11D7E63D800ED4822 /* MNCLMovieRequester.m */,
			);
			name = Movie;
			sourceTree = "<group>";
		};
		9A24EAA71D7E82D900ED4822 /* Movies */ = {
			isa = PBXGroup;
			children = (
				9A24EAAB1D7E82F400ED4822 /* Item */,
				9A24EAA41D7E82D600ED4822 /* MNCLMoviesArrayMantle.h */,
				9A24EAA51D7E82D600ED4822 /* MNCLMoviesArrayMantle.m */,
			);
			name = Movies;
			sourceTree = "<group>";
		};
		9A24EAAB1D7E82F400ED4822 /* Item */ = {
			isa = PBXGroup;
			children = (
				9A24EAA81D7E82F000ED4822 /* MNCLMovieItemMantle.h */,
				9A24EAA91D7E82F000ED4822 /* MNCLMovieItemMantle.m */,
			);
			name = Item;
			sourceTree = "<group>";
		};
		9A24EAAC1D7E83A400ED4822 /* Headers */ = {
			isa = PBXGroup;
			children = (
				9A24EAAD1D7E83D100ED4822 /* NJSArrayMantleProtocol.h */,
				9A24EAB21D7E97D200ED4822 /* NJSRequesterProtocol.h */,
			);
			path = Headers;
			sourceTree = "<group>";
		};
		9A24EAB11D7E928800ED4822 /* Movies */ = {
			isa = PBXGroup;
			children = (
				9A24EAAE1D7E927D00ED4822 /* MNCLMovieModel.h */,
				9A24EAAF1D7E927D00ED4822 /* MNCLMovieModel.m */,
			);
			name = Movies;
			sourceTree = "<group>";
		};
		9A24EAB61D7E9CD300ED4822 /* Movies */ = {
			isa = PBXGroup;
			children = (
				9A24EAB31D7E9CD000ED4822 /* MNCLMoviesTableController.h */,
				9A24EAB41D7E9CD000ED4822 /* MNCLMoviesTableController.m */,
			);
			name = Movies;
			sourceTree = "<group>";
		};
		9A3A40DF1D7F1D5D0034CD66 /* NSDictionary+JSON */ = {
			isa = PBXGroup;
			children = (
				9A3A40E01D7F1D5D0034CD66 /* NSDictionary+JSON.h */,
				9A3A40E11D7F1D5D0034CD66 /* NSDictionary+JSON.m */,
			);
			path = "NSDictionary+JSON";
			sourceTree = "<group>";
		};
		9A3A40E31D7F24C70034CD66 /* NSString+JSON */ = {
			isa = PBXGroup;
			children = (
				9A3A40E41D7F24C70034CD66 /* NSString+JSON.h */,
				9A3A40E51D7F24C70034CD66 /* NSString+JSON.m */,
			);
			path = "NSString+JSON";
			sourceTree = "<group>";
		};
		9A3A40EA1D7F36960034CD66 /* Movie Cell */ = {
			isa = PBXGroup;
			children = (
				9A3A40EE1D7F36B70034CD66 /* Cell Loader */,
				9A3A40E71D7F36920034CD66 /* MNCLMovieCell.h */,
				9A3A40E81D7F36920034CD66 /* MNCLMovieCell.m */,
			);
			name = "Movie Cell";
			sourceTree = "<group>";
		};
		9A3A40EE1D7F36B70034CD66 /* Cell Loader */ = {
			isa = PBXGroup;
			children = (
				9A3A40EB1D7F36B40034CD66 /* MNCLMovieCellLoader.h */,
				9A3A40EC1D7F36B40034CD66 /* MNCLMovieCellLoader.m */,
			);
			name = "Cell Loader";
			sourceTree = "<group>";
		};
		BFB3F51911B16F8E8D1E57B2 /* Frameworks */ = {
			isa = PBXGroup;
			children = (
				2BA3A641987AA0E92E021EAE /* libPods-Magnet Movies.a */,
			);
			name = Frameworks;
			sourceTree = "<group>";
		};
		F4D1F4281D7DCCD1007A4C29 = {
			isa = PBXGroup;
			children = (
				F4D1F4331D7DCCD1007A4C29 /* Magnet Movies */,
				F4D1F4321D7DCCD1007A4C29 /* Products */,
				00EC521D28C6431CD17B56A3 /* Pods */,
				BFB3F51911B16F8E8D1E57B2 /* Frameworks */,
			);
			sourceTree = "<group>";
		};
		F4D1F4321D7DCCD1007A4C29 /* Products */ = {
			isa = PBXGroup;
			children = (
				F4D1F4311D7DCCD1007A4C29 /* Magnet Movies.app */,
			);
			name = Products;
			sourceTree = "<group>";
		};
		F4D1F4331D7DCCD1007A4C29 /* Magnet Movies */ = {
			isa = PBXGroup;
			children = (
				9A24EA591D7E48D800ED4822 /* API */,
				9A24EA681D7E48D800ED4822 /* Categories */,
				9A24EA6A1D7E48D800ED4822 /* Controllers */,
				9A24EA6C1D7E48D800ED4822 /* Helpers */,
				9A24EA791D7E48D800ED4822 /* Models */,
				9A24EA7D1D7E48D800ED4822 /* Storboards */,
				9A24EA7F1D7E48D800ED4822 /* Views */,
				F4D1F4401D7DCCD1007A4C29 /* Assets.xcassets */,
				9A24EA581D7E482100ED4822 /* App Delegate */,
				F4D1F4341D7DCCD1007A4C29 /* Supporting Files */,
			);
			path = "Magnet Movies";
			sourceTree = "<group>";
		};
		F4D1F4341D7DCCD1007A4C29 /* Supporting Files */ = {
			isa = PBXGroup;
			children = (
				F4D1F4451D7DCCD1007A4C29 /* Info.plist */,
				F4D1F4351D7DCCD1007A4C29 /* main.m */,
			);
			name = "Supporting Files";
			sourceTree = "<group>";
		};
/* End PBXGroup section */

/* Begin PBXNativeTarget section */
		F4D1F4301D7DCCD1007A4C29 /* Magnet Movies */ = {
			isa = PBXNativeTarget;
			buildConfigurationList = F4D1F4481D7DCCD1007A4C29 /* Build configuration list for PBXNativeTarget "Magnet Movies" */;
			buildPhases = (
				FE1BD09A894920C72A6444A4 /* [CP] Check Pods Manifest.lock */,
				F4D1F42D1D7DCCD1007A4C29 /* Sources */,
				F4D1F42E1D7DCCD1007A4C29 /* Frameworks */,
				F4D1F42F1D7DCCD1007A4C29 /* Resources */,
				43C73063B862547C573C002F /* [CP] Embed Pods Frameworks */,
				43BEB95435BFA4833CEF1C5A /* [CP] Copy Pods Resources */,
				F02DDAF0B33DC7A8BD2DF433 /* Embed Pods Frameworks */,
				9A24EA8F1D7E4A0D00ED4822 /* Increment Build Number */,
			);
			buildRules = (
			);
			dependencies = (
			);
			name = "Magnet Movies";
			productName = "Magnet Movies";
			productReference = F4D1F4311D7DCCD1007A4C29 /* Magnet Movies.app */;
			productType = "com.apple.product-type.application";
		};
/* End PBXNativeTarget section */

/* Begin PBXProject section */
		F4D1F4291D7DCCD1007A4C29 /* Project object */ = {
			isa = PBXProject;
			attributes = {
				CLASSPREFIX = MNCL;
				LastUpgradeCheck = 0730;
				ORGANIZATIONNAME = "Magnet SPA";
				TargetAttributes = {
					F4D1F4301D7DCCD1007A4C29 = {
						CreatedOnToolsVersion = 7.3.1;
					};
				};
			};
			buildConfigurationList = F4D1F42C1D7DCCD1007A4C29 /* Build configuration list for PBXProject "Magnet Movies" */;
			compatibilityVersion = "Xcode 3.2";
			developmentRegion = English;
			hasScannedForEncodings = 0;
			knownRegions = (
				en,
				Base,
			);
			mainGroup = F4D1F4281D7DCCD1007A4C29;
			productRefGroup = F4D1F4321D7DCCD1007A4C29 /* Products */;
			projectDirPath = "";
			projectRoot = "";
			targets = (
				F4D1F4301D7DCCD1007A4C29 /* Magnet Movies */,
			);
		};
/* End PBXProject section */

/* Begin PBXResourcesBuildPhase section */
		F4D1F42F1D7DCCD1007A4C29 /* Resources */ = {
			isa = PBXResourcesBuildPhase;
			buildActionMask = 2147483647;
			files = (
				9A24EA931D7E4C1B00ED4822 /* Main.storyboard in Resources */,
				9A24EA911D7E4C0D00ED4822 /* Launch Screen.storyboard in Resources */,
				F4D1F4411D7DCCD1007A4C29 /* Assets.xcassets in Resources */,
			);
			runOnlyForDeploymentPostprocessing = 0;
		};
/* End PBXResourcesBuildPhase section */

/* Begin PBXShellScriptBuildPhase section */
		43BEB95435BFA4833CEF1C5A /* [CP] Copy Pods Resources */ = {
			isa = PBXShellScriptBuildPhase;
			buildActionMask = 2147483647;
			files = (
			);
			inputPaths = (
			);
			name = "[CP] Copy Pods Resources";
			outputPaths = (
			);
			runOnlyForDeploymentPostprocessing = 0;
			shellPath = /bin/sh;
			shellScript = "\"${SRCROOT}/Pods/Target Support Files/Pods-Magnet Movies/Pods-Magnet Movies-resources.sh\"\n";
			showEnvVarsInLog = 0;
		};
		43C73063B862547C573C002F /* [CP] Embed Pods Frameworks */ = {
			isa = PBXShellScriptBuildPhase;
			buildActionMask = 2147483647;
			files = (
			);
			inputPaths = (
			);
			name = "[CP] Embed Pods Frameworks";
			outputPaths = (
			);
			runOnlyForDeploymentPostprocessing = 0;
			shellPath = /bin/sh;
			shellScript = "\"${SRCROOT}/Pods/Target Support Files/Pods-Magnet Movies/Pods-Magnet Movies-frameworks.sh\"\n";
			showEnvVarsInLog = 0;
		};
		9A24EA8F1D7E4A0D00ED4822 /* Increment Build Number */ = {
			isa = PBXShellScriptBuildPhase;
			buildActionMask = 2147483647;
			files = (
			);
			inputPaths = (
			);
			name = "Increment Build Number";
			outputPaths = (
			);
			runOnlyForDeploymentPostprocessing = 0;
			shellPath = /bin/sh;
			shellScript = "#!/bin/bash\n# Increment Build Number In order to avoid conflicts when uploading the same version but different build in TestFlight\n#http://stackoverflow.com/questions/21114376/how-to-auto-increment-the-build-number-in-xcode-5\n\nbuildNumber=$(/usr/libexec/PlistBuddy -c \"Print CFBundleVersion\" \"$INFOPLIST_FILE\")\nbuildNumber=$(($buildNumber + 1))\n/usr/libexec/PlistBuddy -c \"Set :CFBundleVersion $buildNumber\" \"$INFOPLIST_FILE\"";
		};
		F02DDAF0B33DC7A8BD2DF433 /* Embed Pods Frameworks */ = {
			isa = PBXShellScriptBuildPhase;
			buildActionMask = 2147483647;
			files = (
			);
			inputPaths = (
			);
			name = "Embed Pods Frameworks";
			outputPaths = (
			);
			runOnlyForDeploymentPostprocessing = 0;
			shellPath = /bin/sh;
			shellScript = "\"${SRCROOT}/Pods/Target Support Files/Pods-Magnet Movies/Pods-Magnet Movies-frameworks.sh\"\n";
			showEnvVarsInLog = 0;
		};
		FE1BD09A894920C72A6444A4 /* [CP] Check Pods Manifest.lock */ = {
			isa = PBXShellScriptBuildPhase;
			buildActionMask = 2147483647;
			files = (
			);
			inputPaths = (
			);
			name = "[CP] Check Pods Manifest.lock";
			outputPaths = (
			);
			runOnlyForDeploymentPostprocessing = 0;
			shellPath = /bin/sh;
			shellScript = "diff \"${PODS_ROOT}/../Podfile.lock\" \"${PODS_ROOT}/Manifest.lock\" > /dev/null\nif [ $? != 0 ] ; then\n    # print error to STDERR\n    echo \"error: The sandbox is not in sync with the Podfile.lock. Run 'pod install' or update your CocoaPods installation.\" >&2\n    exit 1\nfi\n";
			showEnvVarsInLog = 0;
		};
/* End PBXShellScriptBuildPhase section */

/* Begin PBXSourcesBuildPhase section */
		F4D1F42D1D7DCCD1007A4C29 /* Sources */ = {
			isa = PBXSourcesBuildPhase;
			buildActionMask = 2147483647;
			files = (
				9A24EAB01D7E927D00ED4822 /* MNCLMovieModel.m in Sources */,
				9A3A40ED1D7F36B40034CD66 /* MNCLMovieCellLoader.m in Sources */,
				F4D1F4391D7DCCD1007A4C29 /* MNCLAppDelegate.m in Sources */,
				9A24EAA21D7E63D800ED4822 /* MNCLMovieRequester.m in Sources */,
				9A24EAAA1D7E82F000ED4822 /* MNCLMovieItemMantle.m in Sources */,
				9A24EA821D7E48D800ED4822 /* NJSEndpoint.m in Sources */,
				9A24EA8A1D7E48D800ED4822 /* NJSVersionManager.m in Sources */,
				9A24EA9E1D7E5A5100ED4822 /* NJSAPIToken+MNCLAPIToken.m in Sources */,
				9A24EA841D7E48D800ED4822 /* NJSJSONResponseSerializerWithData.m in Sources */,
				9A3A40E21D7F1D5D0034CD66 /* NSDictionary+JSON.m in Sources */,
				9A24EA881D7E48D800ED4822 /* NJSLogFormatter.m in Sources */,
				9A24EA831D7E48D800ED4822 /* NJSAPIManager.m in Sources */,
				9A24EA961D7E52E600ED4822 /* NJSEndpoint+MNCLMovies.m in Sources */,
				F4D1F4361D7DCCD1007A4C29 /* main.m in Sources */,
				9A3A40E61D7F24C70034CD66 /* NSString+JSON.m in Sources */,
				9A24EA9A1D7E593500ED4822 /* NJSAPIToken.m in Sources */,
				9A24EAA61D7E82D600ED4822 /* MNCLMoviesArrayMantle.m in Sources */,
				9A24EA891D7E48D800ED4822 /* NJSCocoaLumberjack.m in Sources */,
				9A24EAB51D7E9CD000ED4822 /* MNCLMoviesTableController.m in Sources */,
				9A3A40E91D7F36920034CD66 /* MNCLMovieCell.m in Sources */,
			);
			runOnlyForDeploymentPostprocessing = 0;
		};
/* End PBXSourcesBuildPhase section */

/* Begin XCBuildConfiguration section */
		F4D1F4461D7DCCD1007A4C29 /* Debug */ = {
			isa = XCBuildConfiguration;
			buildSettings = {
				ALWAYS_SEARCH_USER_PATHS = NO;
				CLANG_ANALYZER_NONNULL = YES;
				CLANG_CXX_LANGUAGE_STANDARD = "gnu++0x";
				CLANG_CXX_LIBRARY = "libc++";
				CLANG_ENABLE_MODULES = YES;
				CLANG_ENABLE_OBJC_ARC = YES;
				CLANG_WARN_BOOL_CONVERSION = YES;
				CLANG_WARN_CONSTANT_CONVERSION = YES;
				CLANG_WARN_DIRECT_OBJC_ISA_USAGE = YES_ERROR;
				CLANG_WARN_EMPTY_BODY = YES;
				CLANG_WARN_ENUM_CONVERSION = YES;
				CLANG_WARN_INT_CONVERSION = YES;
				CLANG_WARN_OBJC_ROOT_CLASS = YES_ERROR;
				CLANG_WARN_UNREACHABLE_CODE = YES;
				CLANG_WARN__DUPLICATE_METHOD_MATCH = YES;
				"CODE_SIGN_IDENTITY[sdk=iphoneos*]" = "iPhone Developer";
				COPY_PHASE_STRIP = NO;
				DEBUG_INFORMATION_FORMAT = dwarf;
				ENABLE_STRICT_OBJC_MSGSEND = YES;
				ENABLE_TESTABILITY = YES;
				GCC_C_LANGUAGE_STANDARD = gnu99;
				GCC_DYNAMIC_NO_PIC = NO;
				GCC_NO_COMMON_BLOCKS = YES;
				GCC_OPTIMIZATION_LEVEL = 0;
				GCC_PREPROCESSOR_DEFINITIONS = (
					"DEBUG=1",
					"$(inherited)",
				);
				GCC_WARN_64_TO_32_BIT_CONVERSION = YES;
				GCC_WARN_ABOUT_RETURN_TYPE = YES_ERROR;
				GCC_WARN_UNDECLARED_SELECTOR = YES;
				GCC_WARN_UNINITIALIZED_AUTOS = YES_AGGRESSIVE;
				GCC_WARN_UNUSED_FUNCTION = YES;
				GCC_WARN_UNUSED_VARIABLE = YES;
				IPHONEOS_DEPLOYMENT_TARGET = 9.3;
				MTL_ENABLE_DEBUG_INFO = YES;
				ONLY_ACTIVE_ARCH = YES;
				SDKROOT = iphoneos;
			};
			name = Debug;
		};
		F4D1F4471D7DCCD1007A4C29 /* Release */ = {
			isa = XCBuildConfiguration;
			buildSettings = {
				ALWAYS_SEARCH_USER_PATHS = NO;
				CLANG_ANALYZER_NONNULL = YES;
				CLANG_CXX_LANGUAGE_STANDARD = "gnu++0x";
				CLANG_CXX_LIBRARY = "libc++";
				CLANG_ENABLE_MODULES = YES;
				CLANG_ENABLE_OBJC_ARC = YES;
				CLANG_WARN_BOOL_CONVERSION = YES;
				CLANG_WARN_CONSTANT_CONVERSION = YES;
				CLANG_WARN_DIRECT_OBJC_ISA_USAGE = YES_ERROR;
				CLANG_WARN_EMPTY_BODY = YES;
				CLANG_WARN_ENUM_CONVERSION = YES;
				CLANG_WARN_INT_CONVERSION = YES;
				CLANG_WARN_OBJC_ROOT_CLASS = YES_ERROR;
				CLANG_WARN_UNREACHABLE_CODE = YES;
				CLANG_WARN__DUPLICATE_METHOD_MATCH = YES;
				"CODE_SIGN_IDENTITY[sdk=iphoneos*]" = "iPhone Developer";
				COPY_PHASE_STRIP = NO;
				DEBUG_INFORMATION_FORMAT = "dwarf-with-dsym";
				ENABLE_NS_ASSERTIONS = NO;
				ENABLE_STRICT_OBJC_MSGSEND = YES;
				GCC_C_LANGUAGE_STANDARD = gnu99;
				GCC_NO_COMMON_BLOCKS = YES;
				GCC_WARN_64_TO_32_BIT_CONVERSION = YES;
				GCC_WARN_ABOUT_RETURN_TYPE = YES_ERROR;
				GCC_WARN_UNDECLARED_SELECTOR = YES;
				GCC_WARN_UNINITIALIZED_AUTOS = YES_AGGRESSIVE;
				GCC_WARN_UNUSED_FUNCTION = YES;
				GCC_WARN_UNUSED_VARIABLE = YES;
				IPHONEOS_DEPLOYMENT_TARGET = 9.3;
				MTL_ENABLE_DEBUG_INFO = NO;
				SDKROOT = iphoneos;
				VALIDATE_PRODUCT = YES;
			};
			name = Release;
		};
		F4D1F4491D7DCCD1007A4C29 /* Debug */ = {
			isa = XCBuildConfiguration;
			baseConfigurationReference = 00F647E23023B7E03ABB0C5F /* Pods-Magnet Movies.debug.xcconfig */;
			buildSettings = {
				ASSETCATALOG_COMPILER_APPICON_NAME = AppIcon;
				INFOPLIST_FILE = "Magnet Movies/Info.plist";
				LD_RUNPATH_SEARCH_PATHS = "$(inherited) @executable_path/Frameworks";
				PRODUCT_BUNDLE_IDENTIFIER = "cl.magnet.Magnet-Movies";
				PRODUCT_NAME = "$(TARGET_NAME)";
			};
			name = Debug;
		};
		F4D1F44A1D7DCCD1007A4C29 /* Release */ = {
			isa = XCBuildConfiguration;
			baseConfigurationReference = 854B40D5B7845B80CFB738E6 /* Pods-Magnet Movies.release.xcconfig */;
			buildSettings = {
				ASSETCATALOG_COMPILER_APPICON_NAME = AppIcon;
				INFOPLIST_FILE = "Magnet Movies/Info.plist";
				LD_RUNPATH_SEARCH_PATHS = "$(inherited) @executable_path/Frameworks";
				PRODUCT_BUNDLE_IDENTIFIER = "cl.magnet.Magnet-Movies";
				PRODUCT_NAME = "$(TARGET_NAME)";
			};
			name = Release;
		};
/* End XCBuildConfiguration section */

/* Begin XCConfigurationList section */
		F4D1F42C1D7DCCD1007A4C29 /* Build configuration list for PBXProject "Magnet Movies" */ = {
			isa = XCConfigurationList;
			buildConfigurations = (
				F4D1F4461D7DCCD1007A4C29 /* Debug */,
				F4D1F4471D7DCCD1007A4C29 /* Release */,
			);
			defaultConfigurationIsVisible = 0;
			defaultConfigurationName = Release;
		};
		F4D1F4481D7DCCD1007A4C29 /* Build configuration list for PBXNativeTarget "Magnet Movies" */ = {
			isa = XCConfigurationList;
			buildConfigurations = (
				F4D1F4491D7DCCD1007A4C29 /* Debug */,
				F4D1F44A1D7DCCD1007A4C29 /* Release */,
			);
			defaultConfigurationIsVisible = 0;
			defaultConfigurationName = Release;
		};
/* End XCConfigurationList section */
	};
	rootObject = F4D1F4291D7DCCD1007A4C29 /* Project object */;
}
